// !$*UTF8*$!
{
	archiveVersion = 1;
	classes = {
	};
	objectVersion = 56;
	objects = {

/* Begin PBXBuildFile section */
		8C7F715E2D5BF3A100A3ED05 /* InputNormal.swift in Sources */ = {isa = PBXBuildFile; fileRef = 8C7F715D2D5BF3A100A3ED05 /* InputNormal.swift */; };
		8C7F71602D5BF4CF00A3ED05 /* InputSecure.swift in Sources */ = {isa = PBXBuildFile; fileRef = 8C7F715F2D5BF4CF00A3ED05 /* InputSecure.swift */; };
		8C86CC822D8CD03C003EE664 /* ProjectCardView.swift in Sources */ = {isa = PBXBuildFile; fileRef = 8C86CC812D8CD03C003EE664 /* ProjectCardView.swift */; };
		8C86CC862D8CD25D003EE664 /* ProjectListView.swift in Sources */ = {isa = PBXBuildFile; fileRef = 8C86CC852D8CD25D003EE664 /* ProjectListView.swift */; };
		8C86CC882D8CD55C003EE664 /* HomeRepository.swift in Sources */ = {isa = PBXBuildFile; fileRef = 8C86CC872D8CD55C003EE664 /* HomeRepository.swift */; };
		8C86CC8A2D8CD613003EE664 /* HomeService.swift in Sources */ = {isa = PBXBuildFile; fileRef = 8C86CC892D8CD613003EE664 /* HomeService.swift */; };
		8C86CC8C2D8CD6DF003EE664 /* ProjectResponse.swift in Sources */ = {isa = PBXBuildFile; fileRef = 8C86CC8B2D8CD6DF003EE664 /* ProjectResponse.swift */; };
		8C86CC8F2D8CDB3D003EE664 /* ProjectDTO.swift in Sources */ = {isa = PBXBuildFile; fileRef = 8C86CC8E2D8CDB3D003EE664 /* ProjectDTO.swift */; };
		8C86CC912D8CECCD003EE664 /* HomeDTO.swift in Sources */ = {isa = PBXBuildFile; fileRef = 8C86CC902D8CECCD003EE664 /* HomeDTO.swift */; };
		8C86CC942D8CF1A3003EE664 /* AppRoute.swift in Sources */ = {isa = PBXBuildFile; fileRef = 8C86CC932D8CF1A3003EE664 /* AppRoute.swift */; };
		8C86CC962D8CF1B7003EE664 /* NavigationState.swift in Sources */ = {isa = PBXBuildFile; fileRef = 8C86CC952D8CF1B7003EE664 /* NavigationState.swift */; };
		8C86CC992D8CF2B9003EE664 /* MRListViewModel.swift in Sources */ = {isa = PBXBuildFile; fileRef = 8C86CC982D8CF2B9003EE664 /* MRListViewModel.swift */; };
		8C87B8062D8B7F5700582C48 /* NetworkLayer in Frameworks */ = {isa = PBXBuildFile; productRef = 8C87B8052D8B7F5700582C48 /* NetworkLayer */; };
		8C87B8082D8C317400582C48 /* InitialLoginView.swift in Sources */ = {isa = PBXBuildFile; fileRef = 8C87B8072D8C317400582C48 /* InitialLoginView.swift */; };
		8C87B80A2D8C319500582C48 /* ServiceButton.swift in Sources */ = {isa = PBXBuildFile; fileRef = 8C87B8092D8C319500582C48 /* ServiceButton.swift */; };
		8C87B80C2D8C31D200582C48 /* AuthFormView.swift in Sources */ = {isa = PBXBuildFile; fileRef = 8C87B80B2D8C31D200582C48 /* AuthFormView.swift */; };
		8C87B8102D8C366900582C48 /* MenuItemView.swift in Sources */ = {isa = PBXBuildFile; fileRef = 8C87B80F2D8C366900582C48 /* MenuItemView.swift */; };
		8C87B8122D8C368900582C48 /* MenuView.swift in Sources */ = {isa = PBXBuildFile; fileRef = 8C87B8112D8C368900582C48 /* MenuView.swift */; };
		8C87B8152D8C36CD00582C48 /* MRListView.swift in Sources */ = {isa = PBXBuildFile; fileRef = 8C87B8142D8C36CD00582C48 /* MRListView.swift */; };
		8C87B8172D8C36E800582C48 /* MRCellView.swift in Sources */ = {isa = PBXBuildFile; fileRef = 8C87B8162D8C36E800582C48 /* MRCellView.swift */; };
		8C87B8192D8C373500582C48 /* EmptyDetailView.swift in Sources */ = {isa = PBXBuildFile; fileRef = 8C87B8182D8C373500582C48 /* EmptyDetailView.swift */; };
		8C87B81B2D8C374F00582C48 /* HomeView.swift in Sources */ = {isa = PBXBuildFile; fileRef = 8C87B81A2D8C374F00582C48 /* HomeView.swift */; };
		8C87B81D2D8C377200582C48 /* HomeViewModel.swift in Sources */ = {isa = PBXBuildFile; fileRef = 8C87B81C2D8C377200582C48 /* HomeViewModel.swift */; };
		8C87B8212D8C662D00582C48 /* MRDetailViewModel.swift in Sources */ = {isa = PBXBuildFile; fileRef = 8C87B8202D8C662D00582C48 /* MRDetailViewModel.swift */; };
		8C87B8242D8C665600582C48 /* MRDetailView.swift in Sources */ = {isa = PBXBuildFile; fileRef = 8C87B8232D8C665600582C48 /* MRDetailView.swift */; };
		8C87B8262D8C667F00582C48 /* HeaderView.swift in Sources */ = {isa = PBXBuildFile; fileRef = 8C87B8252D8C667F00582C48 /* HeaderView.swift */; };
		8C87B8282D8C66A100582C48 /* CommentListView.swift in Sources */ = {isa = PBXBuildFile; fileRef = 8C87B8272D8C66A100582C48 /* CommentListView.swift */; };
		8C87B82A2D8C66B200582C48 /* CommentView.swift in Sources */ = {isa = PBXBuildFile; fileRef = 8C87B8292D8C66B200582C48 /* CommentView.swift */; };
		8C87B82D2D8C89C900582C48 /* LoginRepository.swift in Sources */ = {isa = PBXBuildFile; fileRef = 8C87B82C2D8C89C900582C48 /* LoginRepository.swift */; };
		8C87B8302D8C8A2000582C48 /* NetworkFactory.swift in Sources */ = {isa = PBXBuildFile; fileRef = 8C87B82F2D8C8A2000582C48 /* NetworkFactory.swift */; };
		8C87B8332D8C969C00582C48 /* LoginService.swift in Sources */ = {isa = PBXBuildFile; fileRef = 8C87B8322D8C969C00582C48 /* LoginService.swift */; };
		8C87B8362D8C97EA00582C48 /* UserResponse.swift in Sources */ = {isa = PBXBuildFile; fileRef = 8C87B8352D8C97EA00582C48 /* UserResponse.swift */; };
		8CB525B82D5A9739007085DD /* aladinApp.swift in Sources */ = {isa = PBXBuildFile; fileRef = 8CB525B72D5A9739007085DD /* aladinApp.swift */; };
		8CB525BA2D5A9739007085DD /* LoginView.swift in Sources */ = {isa = PBXBuildFile; fileRef = 8CB525B92D5A9739007085DD /* LoginView.swift */; };
		8CB525BC2D5A973A007085DD /* Assets.xcassets in Resources */ = {isa = PBXBuildFile; fileRef = 8CB525BB2D5A973A007085DD /* Assets.xcassets */; };
		8CB525BF2D5A973A007085DD /* Preview Assets.xcassets in Resources */ = {isa = PBXBuildFile; fileRef = 8CB525BE2D5A973A007085DD /* Preview Assets.xcassets */; };
		8CB525CA2D5A973B007085DD /* aladinTests.swift in Sources */ = {isa = PBXBuildFile; fileRef = 8CB525C92D5A973B007085DD /* aladinTests.swift */; };
		8CB525D42D5A973B007085DD /* aladinUITests.swift in Sources */ = {isa = PBXBuildFile; fileRef = 8CB525D32D5A973B007085DD /* aladinUITests.swift */; };
		8CB525D62D5A973B007085DD /* aladinUITestsLaunchTests.swift in Sources */ = {isa = PBXBuildFile; fileRef = 8CB525D52D5A973B007085DD /* aladinUITestsLaunchTests.swift */; };
		8CB525E42D5A9D2B007085DD /* Colors.swift in Sources */ = {isa = PBXBuildFile; fileRef = 8CB525E32D5A9D2B007085DD /* Colors.swift */; };
		8CB525E72D5A9E98007085DD /* FontType.swift in Sources */ = {isa = PBXBuildFile; fileRef = 8CB525E62D5A9E98007085DD /* FontType.swift */; };
		8CB525F52D5AA08C007085DD /* Raleway-Bold.ttf in CopyFiles */ = {isa = PBXBuildFile; fileRef = 8CB525EB2D5A9F92007085DD /* Raleway-Bold.ttf */; };
		8CB525F62D5AA08D007085DD /* Raleway-Light.ttf in CopyFiles */ = {isa = PBXBuildFile; fileRef = 8CB525EA2D5A9F92007085DD /* Raleway-Light.ttf */; };
		8CB525F72D5AA08D007085DD /* Raleway-Medium.ttf in CopyFiles */ = {isa = PBXBuildFile; fileRef = 8CB525EE2D5A9F92007085DD /* Raleway-Medium.ttf */; };
		8CB525F82D5AA08D007085DD /* Raleway-Regular.ttf in CopyFiles */ = {isa = PBXBuildFile; fileRef = 8CB525EC2D5A9F92007085DD /* Raleway-Regular.ttf */; };
		8CB525F92D5AA08D007085DD /* Raleway-Thin.ttf in CopyFiles */ = {isa = PBXBuildFile; fileRef = 8CB525ED2D5A9F92007085DD /* Raleway-Thin.ttf */; };
		8CB525FD2D5AA1AC007085DD /* Space.swift in Sources */ = {isa = PBXBuildFile; fileRef = 8CB525FC2D5AA1AC007085DD /* Space.swift */; };
		8CB525FF2D5AA3E7007085DD /* FontStyle.swift in Sources */ = {isa = PBXBuildFile; fileRef = 8CB525FE2D5AA3E7007085DD /* FontStyle.swift */; };
		8CB5260A2D5AABEC007085DD /* RepositoryType.swift in Sources */ = {isa = PBXBuildFile; fileRef = 8CB526092D5AABEC007085DD /* RepositoryType.swift */; };
		8CB5260E2D5AAC60007085DD /* WindowCapturer.swift in Sources */ = {isa = PBXBuildFile; fileRef = 8CB5260D2D5AAC60007085DD /* WindowCapturer.swift */; };
		8CB526102D5AAC77007085DD /* WindownManager.swift in Sources */ = {isa = PBXBuildFile; fileRef = 8CB5260F2D5AAC77007085DD /* WindownManager.swift */; };
		8CB526132D5AAF2E007085DD /* LoginViewModel.swift in Sources */ = {isa = PBXBuildFile; fileRef = 8CB526122D5AAF2E007085DD /* LoginViewModel.swift */; };
		8CB526172D5B6335007085DD /* PrimaryButtonStyle.swift in Sources */ = {isa = PBXBuildFile; fileRef = 8CB526162D5B6335007085DD /* PrimaryButtonStyle.swift */; };
		8CB526192D5B63F0007085DD /* ButtonType.swift in Sources */ = {isa = PBXBuildFile; fileRef = 8CB526182D5B63F0007085DD /* ButtonType.swift */; };
		8CB5261B2D5B662E007085DD /* Radius.swift in Sources */ = {isa = PBXBuildFile; fileRef = 8CB5261A2D5B662E007085DD /* Radius.swift */; };
		8CB5261F2D5B689D007085DD /* SecondaryButtonStyle.swift in Sources */ = {isa = PBXBuildFile; fileRef = 8CB5261E2D5B689D007085DD /* SecondaryButtonStyle.swift */; };
		8CB526212D5B6AAE007085DD /* LinkButtonStyle.swift in Sources */ = {isa = PBXBuildFile; fileRef = 8CB526202D5B6AAE007085DD /* LinkButtonStyle.swift */; };
/* End PBXBuildFile section */

/* Begin PBXContainerItemProxy section */
		8CB525C62D5A973B007085DD /* PBXContainerItemProxy */ = {
			isa = PBXContainerItemProxy;
			containerPortal = 8CB525AC2D5A9739007085DD /* Project object */;
			proxyType = 1;
			remoteGlobalIDString = 8CB525B32D5A9739007085DD;
			remoteInfo = aladin;
		};
		8CB525D02D5A973B007085DD /* PBXContainerItemProxy */ = {
			isa = PBXContainerItemProxy;
			containerPortal = 8CB525AC2D5A9739007085DD /* Project object */;
			proxyType = 1;
			remoteGlobalIDString = 8CB525B32D5A9739007085DD;
			remoteInfo = aladin;
		};
/* End PBXContainerItemProxy section */

/* Begin PBXCopyFilesBuildPhase section */
		8CB525F42D5AA06D007085DD /* CopyFiles */ = {
			isa = PBXCopyFilesBuildPhase;
			buildActionMask = 2147483647;
			dstPath = Resources/Fonts/ttf;
			dstSubfolderSpec = 7;
			files = (
				8CB525F52D5AA08C007085DD /* Raleway-Bold.ttf in CopyFiles */,
				8CB525F62D5AA08D007085DD /* Raleway-Light.ttf in CopyFiles */,
				8CB525F72D5AA08D007085DD /* Raleway-Medium.ttf in CopyFiles */,
				8CB525F82D5AA08D007085DD /* Raleway-Regular.ttf in CopyFiles */,
				8CB525F92D5AA08D007085DD /* Raleway-Thin.ttf in CopyFiles */,
			);
			runOnlyForDeploymentPostprocessing = 0;
		};
/* End PBXCopyFilesBuildPhase section */

/* Begin PBXFileReference section */
		8C7F715D2D5BF3A100A3ED05 /* InputNormal.swift */ = {isa = PBXFileReference; lastKnownFileType = sourcecode.swift; path = InputNormal.swift; sourceTree = "<group>"; };
		8C7F715F2D5BF4CF00A3ED05 /* InputSecure.swift */ = {isa = PBXFileReference; lastKnownFileType = sourcecode.swift; path = InputSecure.swift; sourceTree = "<group>"; };
		8C86CC812D8CD03C003EE664 /* ProjectCardView.swift */ = {isa = PBXFileReference; lastKnownFileType = sourcecode.swift; path = ProjectCardView.swift; sourceTree = "<group>"; };
		8C86CC852D8CD25D003EE664 /* ProjectListView.swift */ = {isa = PBXFileReference; lastKnownFileType = sourcecode.swift; path = ProjectListView.swift; sourceTree = "<group>"; };
		8C86CC872D8CD55C003EE664 /* HomeRepository.swift */ = {isa = PBXFileReference; lastKnownFileType = sourcecode.swift; path = HomeRepository.swift; sourceTree = "<group>"; };
		8C86CC892D8CD613003EE664 /* HomeService.swift */ = {isa = PBXFileReference; lastKnownFileType = sourcecode.swift; path = HomeService.swift; sourceTree = "<group>"; };
		8C86CC8B2D8CD6DF003EE664 /* ProjectResponse.swift */ = {isa = PBXFileReference; lastKnownFileType = sourcecode.swift; path = ProjectResponse.swift; sourceTree = "<group>"; };
		8C86CC8E2D8CDB3D003EE664 /* ProjectDTO.swift */ = {isa = PBXFileReference; lastKnownFileType = sourcecode.swift; path = ProjectDTO.swift; sourceTree = "<group>"; };
		8C86CC902D8CECCD003EE664 /* HomeDTO.swift */ = {isa = PBXFileReference; lastKnownFileType = sourcecode.swift; path = HomeDTO.swift; sourceTree = "<group>"; };
		8C86CC932D8CF1A3003EE664 /* AppRoute.swift */ = {isa = PBXFileReference; lastKnownFileType = sourcecode.swift; path = AppRoute.swift; sourceTree = "<group>"; };
		8C86CC952D8CF1B7003EE664 /* NavigationState.swift */ = {isa = PBXFileReference; lastKnownFileType = sourcecode.swift; path = NavigationState.swift; sourceTree = "<group>"; };
		8C86CC982D8CF2B9003EE664 /* MRListViewModel.swift */ = {isa = PBXFileReference; lastKnownFileType = sourcecode.swift; path = MRListViewModel.swift; sourceTree = "<group>"; };
		8C87B8072D8C317400582C48 /* InitialLoginView.swift */ = {isa = PBXFileReference; lastKnownFileType = sourcecode.swift; path = InitialLoginView.swift; sourceTree = "<group>"; };
		8C87B8092D8C319500582C48 /* ServiceButton.swift */ = {isa = PBXFileReference; lastKnownFileType = sourcecode.swift; path = ServiceButton.swift; sourceTree = "<group>"; };
		8C87B80B2D8C31D200582C48 /* AuthFormView.swift */ = {isa = PBXFileReference; lastKnownFileType = sourcecode.swift; path = AuthFormView.swift; sourceTree = "<group>"; };
		8C87B80F2D8C366900582C48 /* MenuItemView.swift */ = {isa = PBXFileReference; lastKnownFileType = sourcecode.swift; path = MenuItemView.swift; sourceTree = "<group>"; };
		8C87B8112D8C368900582C48 /* MenuView.swift */ = {isa = PBXFileReference; lastKnownFileType = sourcecode.swift; path = MenuView.swift; sourceTree = "<group>"; };
		8C87B8142D8C36CD00582C48 /* MRListView.swift */ = {isa = PBXFileReference; lastKnownFileType = sourcecode.swift; path = MRListView.swift; sourceTree = "<group>"; };
		8C87B8162D8C36E800582C48 /* MRCellView.swift */ = {isa = PBXFileReference; lastKnownFileType = sourcecode.swift; path = MRCellView.swift; sourceTree = "<group>"; };
		8C87B8182D8C373500582C48 /* EmptyDetailView.swift */ = {isa = PBXFileReference; lastKnownFileType = sourcecode.swift; path = EmptyDetailView.swift; sourceTree = "<group>"; };
		8C87B81A2D8C374F00582C48 /* HomeView.swift */ = {isa = PBXFileReference; lastKnownFileType = sourcecode.swift; path = HomeView.swift; sourceTree = "<group>"; };
		8C87B81C2D8C377200582C48 /* HomeViewModel.swift */ = {isa = PBXFileReference; lastKnownFileType = sourcecode.swift; path = HomeViewModel.swift; sourceTree = "<group>"; };
		8C87B8202D8C662D00582C48 /* MRDetailViewModel.swift */ = {isa = PBXFileReference; lastKnownFileType = sourcecode.swift; path = MRDetailViewModel.swift; sourceTree = "<group>"; };
		8C87B8232D8C665600582C48 /* MRDetailView.swift */ = {isa = PBXFileReference; lastKnownFileType = sourcecode.swift; path = MRDetailView.swift; sourceTree = "<group>"; };
		8C87B8252D8C667F00582C48 /* HeaderView.swift */ = {isa = PBXFileReference; lastKnownFileType = sourcecode.swift; path = HeaderView.swift; sourceTree = "<group>"; };
		8C87B8272D8C66A100582C48 /* CommentListView.swift */ = {isa = PBXFileReference; lastKnownFileType = sourcecode.swift; path = CommentListView.swift; sourceTree = "<group>"; };
		8C87B8292D8C66B200582C48 /* CommentView.swift */ = {isa = PBXFileReference; lastKnownFileType = sourcecode.swift; path = CommentView.swift; sourceTree = "<group>"; };
		8C87B82C2D8C89C900582C48 /* LoginRepository.swift */ = {isa = PBXFileReference; lastKnownFileType = sourcecode.swift; path = LoginRepository.swift; sourceTree = "<group>"; };
		8C87B82F2D8C8A2000582C48 /* NetworkFactory.swift */ = {isa = PBXFileReference; lastKnownFileType = sourcecode.swift; path = NetworkFactory.swift; sourceTree = "<group>"; };
		8C87B8322D8C969C00582C48 /* LoginService.swift */ = {isa = PBXFileReference; lastKnownFileType = sourcecode.swift; path = LoginService.swift; sourceTree = "<group>"; };
		8C87B8352D8C97EA00582C48 /* UserResponse.swift */ = {isa = PBXFileReference; lastKnownFileType = sourcecode.swift; path = UserResponse.swift; sourceTree = "<group>"; };
		8CB525B42D5A9739007085DD /* aladin.app */ = {isa = PBXFileReference; explicitFileType = wrapper.application; includeInIndex = 0; path = aladin.app; sourceTree = BUILT_PRODUCTS_DIR; };
		8CB525B72D5A9739007085DD /* aladinApp.swift */ = {isa = PBXFileReference; lastKnownFileType = sourcecode.swift; path = aladinApp.swift; sourceTree = "<group>"; };
		8CB525B92D5A9739007085DD /* LoginView.swift */ = {isa = PBXFileReference; lastKnownFileType = sourcecode.swift; path = LoginView.swift; sourceTree = "<group>"; };
		8CB525BB2D5A973A007085DD /* Assets.xcassets */ = {isa = PBXFileReference; lastKnownFileType = folder.assetcatalog; path = Assets.xcassets; sourceTree = "<group>"; };
		8CB525BE2D5A973A007085DD /* Preview Assets.xcassets */ = {isa = PBXFileReference; lastKnownFileType = folder.assetcatalog; path = "Preview Assets.xcassets"; sourceTree = "<group>"; };
		8CB525C02D5A973A007085DD /* aladin.entitlements */ = {isa = PBXFileReference; lastKnownFileType = text.plist.entitlements; path = aladin.entitlements; sourceTree = "<group>"; };
		8CB525C52D5A973B007085DD /* aladinTests.xctest */ = {isa = PBXFileReference; explicitFileType = wrapper.cfbundle; includeInIndex = 0; path = aladinTests.xctest; sourceTree = BUILT_PRODUCTS_DIR; };
		8CB525C92D5A973B007085DD /* aladinTests.swift */ = {isa = PBXFileReference; lastKnownFileType = sourcecode.swift; path = aladinTests.swift; sourceTree = "<group>"; };
		8CB525CF2D5A973B007085DD /* aladinUITests.xctest */ = {isa = PBXFileReference; explicitFileType = wrapper.cfbundle; includeInIndex = 0; path = aladinUITests.xctest; sourceTree = BUILT_PRODUCTS_DIR; };
		8CB525D32D5A973B007085DD /* aladinUITests.swift */ = {isa = PBXFileReference; lastKnownFileType = sourcecode.swift; path = aladinUITests.swift; sourceTree = "<group>"; };
		8CB525D52D5A973B007085DD /* aladinUITestsLaunchTests.swift */ = {isa = PBXFileReference; lastKnownFileType = sourcecode.swift; path = aladinUITestsLaunchTests.swift; sourceTree = "<group>"; };
		8CB525E32D5A9D2B007085DD /* Colors.swift */ = {isa = PBXFileReference; lastKnownFileType = sourcecode.swift; path = Colors.swift; sourceTree = "<group>"; };
		8CB525E62D5A9E98007085DD /* FontType.swift */ = {isa = PBXFileReference; lastKnownFileType = sourcecode.swift; path = FontType.swift; sourceTree = "<group>"; };
		8CB525E92D5A9F7A007085DD /* Info.plist */ = {isa = PBXFileReference; lastKnownFileType = text.plist; path = Info.plist; sourceTree = "<group>"; };
		8CB525EA2D5A9F92007085DD /* Raleway-Light.ttf */ = {isa = PBXFileReference; lastKnownFileType = file; path = "Raleway-Light.ttf"; sourceTree = "<group>"; };
		8CB525EB2D5A9F92007085DD /* Raleway-Bold.ttf */ = {isa = PBXFileReference; lastKnownFileType = file; path = "Raleway-Bold.ttf"; sourceTree = "<group>"; };
		8CB525EC2D5A9F92007085DD /* Raleway-Regular.ttf */ = {isa = PBXFileReference; lastKnownFileType = file; path = "Raleway-Regular.ttf"; sourceTree = "<group>"; };
		8CB525ED2D5A9F92007085DD /* Raleway-Thin.ttf */ = {isa = PBXFileReference; lastKnownFileType = file; path = "Raleway-Thin.ttf"; sourceTree = "<group>"; };
		8CB525EE2D5A9F92007085DD /* Raleway-Medium.ttf */ = {isa = PBXFileReference; lastKnownFileType = file; path = "Raleway-Medium.ttf"; sourceTree = "<group>"; };
		8CB525FC2D5AA1AC007085DD /* Space.swift */ = {isa = PBXFileReference; lastKnownFileType = sourcecode.swift; path = Space.swift; sourceTree = "<group>"; };
		8CB525FE2D5AA3E7007085DD /* FontStyle.swift */ = {isa = PBXFileReference; lastKnownFileType = sourcecode.swift; path = FontStyle.swift; sourceTree = "<group>"; };
		8CB526092D5AABEC007085DD /* RepositoryType.swift */ = {isa = PBXFileReference; lastKnownFileType = sourcecode.swift; path = RepositoryType.swift; sourceTree = "<group>"; };
		8CB5260D2D5AAC60007085DD /* WindowCapturer.swift */ = {isa = PBXFileReference; lastKnownFileType = sourcecode.swift; path = WindowCapturer.swift; sourceTree = "<group>"; };
		8CB5260F2D5AAC77007085DD /* WindownManager.swift */ = {isa = PBXFileReference; lastKnownFileType = sourcecode.swift; path = WindownManager.swift; sourceTree = "<group>"; };
		8CB526122D5AAF2E007085DD /* LoginViewModel.swift */ = {isa = PBXFileReference; lastKnownFileType = sourcecode.swift; path = LoginViewModel.swift; sourceTree = "<group>"; };
		8CB526162D5B6335007085DD /* PrimaryButtonStyle.swift */ = {isa = PBXFileReference; lastKnownFileType = sourcecode.swift; path = PrimaryButtonStyle.swift; sourceTree = "<group>"; };
		8CB526182D5B63F0007085DD /* ButtonType.swift */ = {isa = PBXFileReference; lastKnownFileType = sourcecode.swift; path = ButtonType.swift; sourceTree = "<group>"; };
		8CB5261A2D5B662E007085DD /* Radius.swift */ = {isa = PBXFileReference; lastKnownFileType = sourcecode.swift; path = Radius.swift; sourceTree = "<group>"; };
		8CB5261E2D5B689D007085DD /* SecondaryButtonStyle.swift */ = {isa = PBXFileReference; lastKnownFileType = sourcecode.swift; path = SecondaryButtonStyle.swift; sourceTree = "<group>"; };
		8CB526202D5B6AAE007085DD /* LinkButtonStyle.swift */ = {isa = PBXFileReference; lastKnownFileType = sourcecode.swift; path = LinkButtonStyle.swift; sourceTree = "<group>"; };
/* End PBXFileReference section */

/* Begin PBXFrameworksBuildPhase section */
		8CB525B12D5A9739007085DD /* Frameworks */ = {
			isa = PBXFrameworksBuildPhase;
			buildActionMask = 2147483647;
			files = (
				8C87B8062D8B7F5700582C48 /* NetworkLayer in Frameworks */,
			);
			runOnlyForDeploymentPostprocessing = 0;
		};
		8CB525C22D5A973B007085DD /* Frameworks */ = {
			isa = PBXFrameworksBuildPhase;
			buildActionMask = 2147483647;
			files = (
			);
			runOnlyForDeploymentPostprocessing = 0;
		};
		8CB525CC2D5A973B007085DD /* Frameworks */ = {
			isa = PBXFrameworksBuildPhase;
			buildActionMask = 2147483647;
			files = (
			);
			runOnlyForDeploymentPostprocessing = 0;
		};
/* End PBXFrameworksBuildPhase section */

/* Begin PBXGroup section */
		8C7F715C2D5BF36800A3ED05 /* TextField */ = {
			isa = PBXGroup;
			children = (
				8C7F715D2D5BF3A100A3ED05 /* InputNormal.swift */,
				8C7F715F2D5BF4CF00A3ED05 /* InputSecure.swift */,
			);
			path = TextField;
			sourceTree = "<group>";
		};
		8C86CC7E2D8CC924003EE664 /* Repository */ = {
			isa = PBXGroup;
			children = (
				8C86CC872D8CD55C003EE664 /* HomeRepository.swift */,
			);
			path = Repository;
			sourceTree = "<group>";
		};
		8C86CC7F2D8CC92B003EE664 /* Service */ = {
			isa = PBXGroup;
			children = (
				8C86CC892D8CD613003EE664 /* HomeService.swift */,
			);
			path = Service;
			sourceTree = "<group>";
		};
		8C86CC802D8CC931003EE664 /* Model */ = {
			isa = PBXGroup;
			children = (
				8C86CC8B2D8CD6DF003EE664 /* ProjectResponse.swift */,
			);
			path = Model;
			sourceTree = "<group>";
		};
		8C86CC832D8CD0BE003EE664 /* ListMrs */ = {
			isa = PBXGroup;
			children = (
				8C86CC972D8CF299003EE664 /* ViewModel */,
				8C86CC842D8CD0F6003EE664 /* View */,
			);
			path = ListMrs;
			sourceTree = "<group>";
		};
		8C86CC842D8CD0F6003EE664 /* View */ = {
			isa = PBXGroup;
			children = (
				8C87B8162D8C36E800582C48 /* MRCellView.swift */,
				8C87B8142D8C36CD00582C48 /* MRListView.swift */,
			);
			path = View;
			sourceTree = "<group>";
		};
		8C86CC8D2D8CDB3B003EE664 /* DTO */ = {
			isa = PBXGroup;
			children = (
				8C86CC8E2D8CDB3D003EE664 /* ProjectDTO.swift */,
				8C86CC902D8CECCD003EE664 /* HomeDTO.swift */,
			);
			path = DTO;
			sourceTree = "<group>";
		};
		8C86CC922D8CF191003EE664 /* AppRoute */ = {
			isa = PBXGroup;
			children = (
				8C86CC952D8CF1B7003EE664 /* NavigationState.swift */,
				8C86CC932D8CF1A3003EE664 /* AppRoute.swift */,
			);
			path = AppRoute;
			sourceTree = "<group>";
		};
		8C86CC972D8CF299003EE664 /* ViewModel */ = {
			isa = PBXGroup;
			children = (
				8C86CC982D8CF2B9003EE664 /* MRListViewModel.swift */,
			);
			path = ViewModel;
			sourceTree = "<group>";
		};
		8C87B80D2D8C364D00582C48 /* Home */ = {
			isa = PBXGroup;
			children = (
				8C86CC8D2D8CDB3B003EE664 /* DTO */,
				8C86CC802D8CC931003EE664 /* Model */,
				8C86CC7F2D8CC92B003EE664 /* Service */,
				8C86CC7E2D8CC924003EE664 /* Repository */,
				8C87B8132D8C36A100582C48 /* ViewModel */,
				8C87B80E2D8C365400582C48 /* View */,
			);
			path = Home;
			sourceTree = "<group>";
		};
		8C87B80E2D8C365400582C48 /* View */ = {
			isa = PBXGroup;
			children = (
				8C86CC852D8CD25D003EE664 /* ProjectListView.swift */,
				8C86CC812D8CD03C003EE664 /* ProjectCardView.swift */,
				8C87B81A2D8C374F00582C48 /* HomeView.swift */,
				8C87B8182D8C373500582C48 /* EmptyDetailView.swift */,
				8C87B8112D8C368900582C48 /* MenuView.swift */,
				8C87B80F2D8C366900582C48 /* MenuItemView.swift */,
			);
			path = View;
			sourceTree = "<group>";
		};
		8C87B8132D8C36A100582C48 /* ViewModel */ = {
			isa = PBXGroup;
			children = (
				8C87B81C2D8C377200582C48 /* HomeViewModel.swift */,
			);
			path = ViewModel;
			sourceTree = "<group>";
		};
		8C87B81E2D8C662500582C48 /* Detail */ = {
			isa = PBXGroup;
			children = (
				8C87B8222D8C665400582C48 /* View */,
				8C87B81F2D8C662A00582C48 /* ViewModel */,
			);
			path = Detail;
			sourceTree = "<group>";
		};
		8C87B81F2D8C662A00582C48 /* ViewModel */ = {
			isa = PBXGroup;
			children = (
				8C87B8202D8C662D00582C48 /* MRDetailViewModel.swift */,
			);
			path = ViewModel;
			sourceTree = "<group>";
		};
		8C87B8222D8C665400582C48 /* View */ = {
			isa = PBXGroup;
			children = (
				8C87B8292D8C66B200582C48 /* CommentView.swift */,
				8C87B8272D8C66A100582C48 /* CommentListView.swift */,
				8C87B8252D8C667F00582C48 /* HeaderView.swift */,
				8C87B8232D8C665600582C48 /* MRDetailView.swift */,
			);
			path = View;
			sourceTree = "<group>";
		};
		8C87B82B2D8C89B900582C48 /* Repository */ = {
			isa = PBXGroup;
			children = (
				8C87B82C2D8C89C900582C48 /* LoginRepository.swift */,
			);
			path = Repository;
			sourceTree = "<group>";
		};
		8C87B82E2D8C8A1300582C48 /* Network */ = {
			isa = PBXGroup;
			children = (
				8C87B82F2D8C8A2000582C48 /* NetworkFactory.swift */,
			);
			path = Network;
			sourceTree = "<group>";
		};
		8C87B8312D8C968300582C48 /* Service */ = {
			isa = PBXGroup;
			children = (
				8C87B8322D8C969C00582C48 /* LoginService.swift */,
			);
			path = Service;
			sourceTree = "<group>";
		};
		8C87B8342D8C97DC00582C48 /* Model */ = {
			isa = PBXGroup;
			children = (
				8C87B8352D8C97EA00582C48 /* UserResponse.swift */,
			);
			path = Model;
			sourceTree = "<group>";
		};
		8CB525AB2D5A9739007085DD = {
			isa = PBXGroup;
			children = (
				8CB525B62D5A9739007085DD /* aladin */,
				8CB525C82D5A973B007085DD /* aladinTests */,
				8CB525D22D5A973B007085DD /* aladinUITests */,
				8CB525B52D5A9739007085DD /* Products */,
			);
			sourceTree = "<group>";
		};
		8CB525B52D5A9739007085DD /* Products */ = {
			isa = PBXGroup;
			children = (
				8CB525B42D5A9739007085DD /* aladin.app */,
				8CB525C52D5A973B007085DD /* aladinTests.xctest */,
				8CB525CF2D5A973B007085DD /* aladinUITests.xctest */,
			);
			name = Products;
			sourceTree = "<group>";
		};
		8CB525B62D5A9739007085DD /* aladin */ = {
			isa = PBXGroup;
			children = (
				8CB526142D5AC489007085DD /* Components */,
				8CB5260B2D5AAC40007085DD /* Helpers */,
				8CB526002D5AA9B7007085DD /* Scenes */,
				8CB525FB2D5AA19C007085DD /* Commons */,
				8CB525E92D5A9F7A007085DD /* Info.plist */,
				8CB525E22D5A9912007085DD /* Resources */,
				8CB525B72D5A9739007085DD /* aladinApp.swift */,
				8CB525C02D5A973A007085DD /* aladin.entitlements */,
				8CB525BD2D5A973A007085DD /* Preview Content */,
			);
			path = aladin;
			sourceTree = "<group>";
		};
		8CB525BD2D5A973A007085DD /* Preview Content */ = {
			isa = PBXGroup;
			children = (
				8CB525BE2D5A973A007085DD /* Preview Assets.xcassets */,
			);
			path = "Preview Content";
			sourceTree = "<group>";
		};
		8CB525C82D5A973B007085DD /* aladinTests */ = {
			isa = PBXGroup;
			children = (
				8CB525C92D5A973B007085DD /* aladinTests.swift */,
			);
			path = aladinTests;
			sourceTree = "<group>";
		};
		8CB525D22D5A973B007085DD /* aladinUITests */ = {
			isa = PBXGroup;
			children = (
				8CB525D32D5A973B007085DD /* aladinUITests.swift */,
				8CB525D52D5A973B007085DD /* aladinUITestsLaunchTests.swift */,
			);
			path = aladinUITests;
			sourceTree = "<group>";
		};
		8CB525E22D5A9912007085DD /* Resources */ = {
			isa = PBXGroup;
			children = (
				8CB525E52D5A9E82007085DD /* Fonts */,
				8CB525BB2D5A973A007085DD /* Assets.xcassets */,
				8CB525E32D5A9D2B007085DD /* Colors.swift */,
			);
			path = Resources;
			sourceTree = "<group>";
		};
		8CB525E52D5A9E82007085DD /* Fonts */ = {
			isa = PBXGroup;
			children = (
				8CB525E82D5A9EDF007085DD /* ttf */,
				8CB525E62D5A9E98007085DD /* FontType.swift */,
			);
			path = Fonts;
			sourceTree = "<group>";
		};
		8CB525E82D5A9EDF007085DD /* ttf */ = {
			isa = PBXGroup;
			children = (
				8CB525EB2D5A9F92007085DD /* Raleway-Bold.ttf */,
				8CB525EA2D5A9F92007085DD /* Raleway-Light.ttf */,
				8CB525EE2D5A9F92007085DD /* Raleway-Medium.ttf */,
				8CB525EC2D5A9F92007085DD /* Raleway-Regular.ttf */,
				8CB525ED2D5A9F92007085DD /* Raleway-Thin.ttf */,
			);
			path = ttf;
			sourceTree = "<group>";
		};
		8CB525FB2D5AA19C007085DD /* Commons */ = {
			isa = PBXGroup;
			children = (
				8CB526082D5AABD6007085DD /* Model */,
				8CB526072D5AABCD007085DD /* Enum */,
			);
			path = Commons;
			sourceTree = "<group>";
		};
		8CB526002D5AA9B7007085DD /* Scenes */ = {
			isa = PBXGroup;
			children = (
				8C86CC832D8CD0BE003EE664 /* ListMrs */,
				8C87B81E2D8C662500582C48 /* Detail */,
				8C87B80D2D8C364D00582C48 /* Home */,
				8CB526012D5AA9BD007085DD /* Login */,
			);
			path = Scenes;
			sourceTree = "<group>";
		};
		8CB526012D5AA9BD007085DD /* Login */ = {
			isa = PBXGroup;
			children = (
				8C87B8342D8C97DC00582C48 /* Model */,
				8C87B8312D8C968300582C48 /* Service */,
				8C87B82B2D8C89B900582C48 /* Repository */,
				8CB526112D5AAF21007085DD /* ViewModel */,
				8CB526022D5AA9C4007085DD /* Views */,
			);
			path = Login;
			sourceTree = "<group>";
		};
		8CB526022D5AA9C4007085DD /* Views */ = {
			isa = PBXGroup;
			children = (
				8C87B80B2D8C31D200582C48 /* AuthFormView.swift */,
				8C87B8092D8C319500582C48 /* ServiceButton.swift */,
				8C87B8072D8C317400582C48 /* InitialLoginView.swift */,
				8CB525B92D5A9739007085DD /* LoginView.swift */,
			);
			path = Views;
			sourceTree = "<group>";
		};
		8CB526072D5AABCD007085DD /* Enum */ = {
			isa = PBXGroup;
			children = (
				8CB525FC2D5AA1AC007085DD /* Space.swift */,
				8CB525FE2D5AA3E7007085DD /* FontStyle.swift */,
				8CB5261A2D5B662E007085DD /* Radius.swift */,
			);
			path = Enum;
			sourceTree = "<group>";
		};
		8CB526082D5AABD6007085DD /* Model */ = {
			isa = PBXGroup;
			children = (
				8CB526092D5AABEC007085DD /* RepositoryType.swift */,
			);
			path = Model;
			sourceTree = "<group>";
		};
		8CB5260B2D5AAC40007085DD /* Helpers */ = {
			isa = PBXGroup;
			children = (
				8C86CC922D8CF191003EE664 /* AppRoute */,
				8C87B82E2D8C8A1300582C48 /* Network */,
				8CB5260C2D5AAC53007085DD /* Window */,
			);
			path = Helpers;
			sourceTree = "<group>";
		};
		8CB5260C2D5AAC53007085DD /* Window */ = {
			isa = PBXGroup;
			children = (
				8CB5260D2D5AAC60007085DD /* WindowCapturer.swift */,
				8CB5260F2D5AAC77007085DD /* WindownManager.swift */,
			);
			path = Window;
			sourceTree = "<group>";
		};
		8CB526112D5AAF21007085DD /* ViewModel */ = {
			isa = PBXGroup;
			children = (
				8CB526122D5AAF2E007085DD /* LoginViewModel.swift */,
			);
			path = ViewModel;
			sourceTree = "<group>";
		};
		8CB526142D5AC489007085DD /* Components */ = {
			isa = PBXGroup;
			children = (
				8C7F715C2D5BF36800A3ED05 /* TextField */,
				8CB526152D5AC491007085DD /* Button */,
			);
			path = Components;
			sourceTree = "<group>";
		};
		8CB526152D5AC491007085DD /* Button */ = {
			isa = PBXGroup;
			children = (
				8CB526162D5B6335007085DD /* PrimaryButtonStyle.swift */,
				8CB526182D5B63F0007085DD /* ButtonType.swift */,
				8CB5261E2D5B689D007085DD /* SecondaryButtonStyle.swift */,
				8CB526202D5B6AAE007085DD /* LinkButtonStyle.swift */,
			);
			path = Button;
			sourceTree = "<group>";
		};
/* End PBXGroup section */

/* Begin PBXNativeTarget section */
		8CB525B32D5A9739007085DD /* aladin */ = {
			isa = PBXNativeTarget;
			buildConfigurationList = 8CB525D92D5A973B007085DD /* Build configuration list for PBXNativeTarget "aladin" */;
			buildPhases = (
				8CB525B02D5A9739007085DD /* Sources */,
				8CB525B12D5A9739007085DD /* Frameworks */,
				8CB525B22D5A9739007085DD /* Resources */,
				8CB525F42D5AA06D007085DD /* CopyFiles */,
			);
			buildRules = (
			);
			dependencies = (
			);
			name = aladin;
			productName = aladin;
			productReference = 8CB525B42D5A9739007085DD /* aladin.app */;
			productType = "com.apple.product-type.application";
		};
		8CB525C42D5A973B007085DD /* aladinTests */ = {
			isa = PBXNativeTarget;
			buildConfigurationList = 8CB525DC2D5A973B007085DD /* Build configuration list for PBXNativeTarget "aladinTests" */;
			buildPhases = (
				8CB525C12D5A973B007085DD /* Sources */,
				8CB525C22D5A973B007085DD /* Frameworks */,
				8CB525C32D5A973B007085DD /* Resources */,
			);
			buildRules = (
			);
			dependencies = (
				8CB525C72D5A973B007085DD /* PBXTargetDependency */,
			);
			name = aladinTests;
			productName = aladinTests;
			productReference = 8CB525C52D5A973B007085DD /* aladinTests.xctest */;
			productType = "com.apple.product-type.bundle.unit-test";
		};
		8CB525CE2D5A973B007085DD /* aladinUITests */ = {
			isa = PBXNativeTarget;
			buildConfigurationList = 8CB525DF2D5A973B007085DD /* Build configuration list for PBXNativeTarget "aladinUITests" */;
			buildPhases = (
				8CB525CB2D5A973B007085DD /* Sources */,
				8CB525CC2D5A973B007085DD /* Frameworks */,
				8CB525CD2D5A973B007085DD /* Resources */,
			);
			buildRules = (
			);
			dependencies = (
				8CB525D12D5A973B007085DD /* PBXTargetDependency */,
			);
			name = aladinUITests;
			productName = aladinUITests;
			productReference = 8CB525CF2D5A973B007085DD /* aladinUITests.xctest */;
			productType = "com.apple.product-type.bundle.ui-testing";
		};
/* End PBXNativeTarget section */

/* Begin PBXProject section */
		8CB525AC2D5A9739007085DD /* Project object */ = {
			isa = PBXProject;
			attributes = {
				BuildIndependentTargetsInParallel = 1;
				LastSwiftUpdateCheck = 1540;
				LastUpgradeCheck = 1540;
				TargetAttributes = {
					8CB525B32D5A9739007085DD = {
						CreatedOnToolsVersion = 15.4;
					};
					8CB525C42D5A973B007085DD = {
						CreatedOnToolsVersion = 15.4;
						TestTargetID = 8CB525B32D5A9739007085DD;
					};
					8CB525CE2D5A973B007085DD = {
						CreatedOnToolsVersion = 15.4;
						TestTargetID = 8CB525B32D5A9739007085DD;
					};
				};
			};
			buildConfigurationList = 8CB525AF2D5A9739007085DD /* Build configuration list for PBXProject "aladin" */;
			compatibilityVersion = "Xcode 14.0";
			developmentRegion = en;
			hasScannedForEncodings = 0;
			knownRegions = (
				en,
				Base,
			);
			mainGroup = 8CB525AB2D5A9739007085DD;
			packageReferences = (
				8C87B8042D8B7F5700582C48 /* XCRemoteSwiftPackageReference "networklayer" */,
			);
			productRefGroup = 8CB525B52D5A9739007085DD /* Products */;
			projectDirPath = "";
			projectRoot = "";
			targets = (
				8CB525B32D5A9739007085DD /* aladin */,
				8CB525C42D5A973B007085DD /* aladinTests */,
				8CB525CE2D5A973B007085DD /* aladinUITests */,
			);
		};
/* End PBXProject section */

/* Begin PBXResourcesBuildPhase section */
		8CB525B22D5A9739007085DD /* Resources */ = {
			isa = PBXResourcesBuildPhase;
			buildActionMask = 2147483647;
			files = (
				8CB525BF2D5A973A007085DD /* Preview Assets.xcassets in Resources */,
				8CB525BC2D5A973A007085DD /* Assets.xcassets in Resources */,
			);
			runOnlyForDeploymentPostprocessing = 0;
		};
		8CB525C32D5A973B007085DD /* Resources */ = {
			isa = PBXResourcesBuildPhase;
			buildActionMask = 2147483647;
			files = (
			);
			runOnlyForDeploymentPostprocessing = 0;
		};
		8CB525CD2D5A973B007085DD /* Resources */ = {
			isa = PBXResourcesBuildPhase;
			buildActionMask = 2147483647;
			files = (
			);
			runOnlyForDeploymentPostprocessing = 0;
		};
/* End PBXResourcesBuildPhase section */

/* Begin PBXSourcesBuildPhase section */
		8CB525B02D5A9739007085DD /* Sources */ = {
			isa = PBXSourcesBuildPhase;
			buildActionMask = 2147483647;
			files = (
				8C86CC862D8CD25D003EE664 /* ProjectListView.swift in Sources */,
				8C86CC8F2D8CDB3D003EE664 /* ProjectDTO.swift in Sources */,
				8C86CC882D8CD55C003EE664 /* HomeRepository.swift in Sources */,
				8C87B8152D8C36CD00582C48 /* MRListView.swift in Sources */,
				8CB525FD2D5AA1AC007085DD /* Space.swift in Sources */,
				8C86CC912D8CECCD003EE664 /* HomeDTO.swift in Sources */,
				8CB5261B2D5B662E007085DD /* Radius.swift in Sources */,
				8C87B8282D8C66A100582C48 /* CommentListView.swift in Sources */,
				8CB525BA2D5A9739007085DD /* LoginView.swift in Sources */,
				8CB5260A2D5AABEC007085DD /* RepositoryType.swift in Sources */,
				8C87B8172D8C36E800582C48 /* MRCellView.swift in Sources */,
				8C87B8102D8C366900582C48 /* MenuItemView.swift in Sources */,
				8CB526212D5B6AAE007085DD /* LinkButtonStyle.swift in Sources */,
				8C87B8242D8C665600582C48 /* MRDetailView.swift in Sources */,
				8CB525FF2D5AA3E7007085DD /* FontStyle.swift in Sources */,
				8C87B8122D8C368900582C48 /* MenuView.swift in Sources */,
				8C86CC8A2D8CD613003EE664 /* HomeService.swift in Sources */,
				8C86CC942D8CF1A3003EE664 /* AppRoute.swift in Sources */,
				8C87B81D2D8C377200582C48 /* HomeViewModel.swift in Sources */,
				8C86CC962D8CF1B7003EE664 /* NavigationState.swift in Sources */,
				8C87B8302D8C8A2000582C48 /* NetworkFactory.swift in Sources */,
				8CB526192D5B63F0007085DD /* ButtonType.swift in Sources */,
				8C86CC8C2D8CD6DF003EE664 /* ProjectResponse.swift in Sources */,
				8C7F71602D5BF4CF00A3ED05 /* InputSecure.swift in Sources */,
				8C7F715E2D5BF3A100A3ED05 /* InputNormal.swift in Sources */,
				8C87B8082D8C317400582C48 /* InitialLoginView.swift in Sources */,
				8CB525E42D5A9D2B007085DD /* Colors.swift in Sources */,
				8C87B81B2D8C374F00582C48 /* HomeView.swift in Sources */,
				8CB526172D5B6335007085DD /* PrimaryButtonStyle.swift in Sources */,
				8C87B80C2D8C31D200582C48 /* AuthFormView.swift in Sources */,
				8CB5261F2D5B689D007085DD /* SecondaryButtonStyle.swift in Sources */,
				8C86CC822D8CD03C003EE664 /* ProjectCardView.swift in Sources */,
				8C87B8212D8C662D00582C48 /* MRDetailViewModel.swift in Sources */,
				8CB525E72D5A9E98007085DD /* FontType.swift in Sources */,
				8CB526132D5AAF2E007085DD /* LoginViewModel.swift in Sources */,
				8C87B8192D8C373500582C48 /* EmptyDetailView.swift in Sources */,
				8C87B8332D8C969C00582C48 /* LoginService.swift in Sources */,
				8C87B82A2D8C66B200582C48 /* CommentView.swift in Sources */,
				8C87B8262D8C667F00582C48 /* HeaderView.swift in Sources */,
				8CB525B82D5A9739007085DD /* aladinApp.swift in Sources */,
				8C87B82D2D8C89C900582C48 /* LoginRepository.swift in Sources */,
				8C87B80A2D8C319500582C48 /* ServiceButton.swift in Sources */,
				8CB5260E2D5AAC60007085DD /* WindowCapturer.swift in Sources */,
				8CB526102D5AAC77007085DD /* WindownManager.swift in Sources */,
				8C87B8362D8C97EA00582C48 /* UserResponse.swift in Sources */,
				8C86CC992D8CF2B9003EE664 /* MRListViewModel.swift in Sources */,
			);
			runOnlyForDeploymentPostprocessing = 0;
		};
		8CB525C12D5A973B007085DD /* Sources */ = {
			isa = PBXSourcesBuildPhase;
			buildActionMask = 2147483647;
			files = (
				8CB525CA2D5A973B007085DD /* aladinTests.swift in Sources */,
			);
			runOnlyForDeploymentPostprocessing = 0;
		};
		8CB525CB2D5A973B007085DD /* Sources */ = {
			isa = PBXSourcesBuildPhase;
			buildActionMask = 2147483647;
			files = (
				8CB525D42D5A973B007085DD /* aladinUITests.swift in Sources */,
				8CB525D62D5A973B007085DD /* aladinUITestsLaunchTests.swift in Sources */,
			);
			runOnlyForDeploymentPostprocessing = 0;
		};
/* End PBXSourcesBuildPhase section */

/* Begin PBXTargetDependency section */
		8CB525C72D5A973B007085DD /* PBXTargetDependency */ = {
			isa = PBXTargetDependency;
			target = 8CB525B32D5A9739007085DD /* aladin */;
			targetProxy = 8CB525C62D5A973B007085DD /* PBXContainerItemProxy */;
		};
		8CB525D12D5A973B007085DD /* PBXTargetDependency */ = {
			isa = PBXTargetDependency;
			target = 8CB525B32D5A9739007085DD /* aladin */;
			targetProxy = 8CB525D02D5A973B007085DD /* PBXContainerItemProxy */;
		};
/* End PBXTargetDependency section */

/* Begin XCBuildConfiguration section */
		8CB525D72D5A973B007085DD /* Debug */ = {
			isa = XCBuildConfiguration;
			buildSettings = {
				ALWAYS_SEARCH_USER_PATHS = NO;
				ASSETCATALOG_COMPILER_GENERATE_SWIFT_ASSET_SYMBOL_EXTENSIONS = YES;
				CLANG_ANALYZER_NONNULL = YES;
				CLANG_ANALYZER_NUMBER_OBJECT_CONVERSION = YES_AGGRESSIVE;
				CLANG_CXX_LANGUAGE_STANDARD = "gnu++20";
				CLANG_ENABLE_MODULES = YES;
				CLANG_ENABLE_OBJC_ARC = YES;
				CLANG_ENABLE_OBJC_WEAK = YES;
				CLANG_WARN_BLOCK_CAPTURE_AUTORELEASING = YES;
				CLANG_WARN_BOOL_CONVERSION = YES;
				CLANG_WARN_COMMA = YES;
				CLANG_WARN_CONSTANT_CONVERSION = YES;
				CLANG_WARN_DEPRECATED_OBJC_IMPLEMENTATIONS = YES;
				CLANG_WARN_DIRECT_OBJC_ISA_USAGE = YES_ERROR;
				CLANG_WARN_DOCUMENTATION_COMMENTS = YES;
				CLANG_WARN_EMPTY_BODY = YES;
				CLANG_WARN_ENUM_CONVERSION = YES;
				CLANG_WARN_INFINITE_RECURSION = YES;
				CLANG_WARN_INT_CONVERSION = YES;
				CLANG_WARN_NON_LITERAL_NULL_CONVERSION = YES;
				CLANG_WARN_OBJC_IMPLICIT_RETAIN_SELF = YES;
				CLANG_WARN_OBJC_LITERAL_CONVERSION = YES;
				CLANG_WARN_OBJC_ROOT_CLASS = YES_ERROR;
				CLANG_WARN_QUOTED_INCLUDE_IN_FRAMEWORK_HEADER = YES;
				CLANG_WARN_RANGE_LOOP_ANALYSIS = YES;
				CLANG_WARN_STRICT_PROTOTYPES = YES;
				CLANG_WARN_SUSPICIOUS_MOVE = YES;
				CLANG_WARN_UNGUARDED_AVAILABILITY = YES_AGGRESSIVE;
				CLANG_WARN_UNREACHABLE_CODE = YES;
				CLANG_WARN__DUPLICATE_METHOD_MATCH = YES;
				COPY_PHASE_STRIP = NO;
				DEBUG_INFORMATION_FORMAT = dwarf;
				ENABLE_STRICT_OBJC_MSGSEND = YES;
				ENABLE_TESTABILITY = YES;
				ENABLE_USER_SCRIPT_SANDBOXING = YES;
				GCC_C_LANGUAGE_STANDARD = gnu17;
				GCC_DYNAMIC_NO_PIC = NO;
				GCC_NO_COMMON_BLOCKS = YES;
				GCC_OPTIMIZATION_LEVEL = 0;
				GCC_PREPROCESSOR_DEFINITIONS = (
					"DEBUG=1",
					"$(inherited)",
				);
				GCC_WARN_64_TO_32_BIT_CONVERSION = YES;
				GCC_WARN_ABOUT_RETURN_TYPE = YES_ERROR;
				GCC_WARN_UNDECLARED_SELECTOR = YES;
				GCC_WARN_UNINITIALIZED_AUTOS = YES_AGGRESSIVE;
				GCC_WARN_UNUSED_FUNCTION = YES;
				GCC_WARN_UNUSED_VARIABLE = YES;
				LOCALIZATION_PREFERS_STRING_CATALOGS = YES;
				MACOSX_DEPLOYMENT_TARGET = 14.5;
				MTL_ENABLE_DEBUG_INFO = INCLUDE_SOURCE;
				MTL_FAST_MATH = YES;
				ONLY_ACTIVE_ARCH = YES;
				SDKROOT = macosx;
				SWIFT_ACTIVE_COMPILATION_CONDITIONS = "DEBUG $(inherited)";
				SWIFT_OPTIMIZATION_LEVEL = "-Onone";
			};
			name = Debug;
		};
		8CB525D82D5A973B007085DD /* Release */ = {
			isa = XCBuildConfiguration;
			buildSettings = {
				ALWAYS_SEARCH_USER_PATHS = NO;
				ASSETCATALOG_COMPILER_GENERATE_SWIFT_ASSET_SYMBOL_EXTENSIONS = YES;
				CLANG_ANALYZER_NONNULL = YES;
				CLANG_ANALYZER_NUMBER_OBJECT_CONVERSION = YES_AGGRESSIVE;
				CLANG_CXX_LANGUAGE_STANDARD = "gnu++20";
				CLANG_ENABLE_MODULES = YES;
				CLANG_ENABLE_OBJC_ARC = YES;
				CLANG_ENABLE_OBJC_WEAK = YES;
				CLANG_WARN_BLOCK_CAPTURE_AUTORELEASING = YES;
				CLANG_WARN_BOOL_CONVERSION = YES;
				CLANG_WARN_COMMA = YES;
				CLANG_WARN_CONSTANT_CONVERSION = YES;
				CLANG_WARN_DEPRECATED_OBJC_IMPLEMENTATIONS = YES;
				CLANG_WARN_DIRECT_OBJC_ISA_USAGE = YES_ERROR;
				CLANG_WARN_DOCUMENTATION_COMMENTS = YES;
				CLANG_WARN_EMPTY_BODY = YES;
				CLANG_WARN_ENUM_CONVERSION = YES;
				CLANG_WARN_INFINITE_RECURSION = YES;
				CLANG_WARN_INT_CONVERSION = YES;
				CLANG_WARN_NON_LITERAL_NULL_CONVERSION = YES;
				CLANG_WARN_OBJC_IMPLICIT_RETAIN_SELF = YES;
				CLANG_WARN_OBJC_LITERAL_CONVERSION = YES;
				CLANG_WARN_OBJC_ROOT_CLASS = YES_ERROR;
				CLANG_WARN_QUOTED_INCLUDE_IN_FRAMEWORK_HEADER = YES;
				CLANG_WARN_RANGE_LOOP_ANALYSIS = YES;
				CLANG_WARN_STRICT_PROTOTYPES = YES;
				CLANG_WARN_SUSPICIOUS_MOVE = YES;
				CLANG_WARN_UNGUARDED_AVAILABILITY = YES_AGGRESSIVE;
				CLANG_WARN_UNREACHABLE_CODE = YES;
				CLANG_WARN__DUPLICATE_METHOD_MATCH = YES;
				COPY_PHASE_STRIP = NO;
				DEBUG_INFORMATION_FORMAT = "dwarf-with-dsym";
				ENABLE_NS_ASSERTIONS = NO;
				ENABLE_STRICT_OBJC_MSGSEND = YES;
				ENABLE_USER_SCRIPT_SANDBOXING = YES;
				GCC_C_LANGUAGE_STANDARD = gnu17;
				GCC_NO_COMMON_BLOCKS = YES;
				GCC_WARN_64_TO_32_BIT_CONVERSION = YES;
				GCC_WARN_ABOUT_RETURN_TYPE = YES_ERROR;
				GCC_WARN_UNDECLARED_SELECTOR = YES;
				GCC_WARN_UNINITIALIZED_AUTOS = YES_AGGRESSIVE;
				GCC_WARN_UNUSED_FUNCTION = YES;
				GCC_WARN_UNUSED_VARIABLE = YES;
				LOCALIZATION_PREFERS_STRING_CATALOGS = YES;
				MACOSX_DEPLOYMENT_TARGET = 14.5;
				MTL_ENABLE_DEBUG_INFO = NO;
				MTL_FAST_MATH = YES;
				SDKROOT = macosx;
				SWIFT_COMPILATION_MODE = wholemodule;
			};
			name = Release;
		};
		8CB525DA2D5A973B007085DD /* Debug */ = {
			isa = XCBuildConfiguration;
			buildSettings = {
				ASSETCATALOG_COMPILER_APPICON_NAME = AppIcon;
				ASSETCATALOG_COMPILER_GLOBAL_ACCENT_COLOR_NAME = AccentColor;
				CODE_SIGN_ENTITLEMENTS = aladin/aladin.entitlements;
				CODE_SIGN_STYLE = Automatic;
				COMBINE_HIDPI_IMAGES = YES;
				CURRENT_PROJECT_VERSION = 1;
				DEVELOPMENT_ASSET_PATHS = "\"aladin/Preview Content\"";
				ENABLE_PREVIEWS = YES;
				GENERATE_INFOPLIST_FILE = YES;
				INFOPLIST_FILE = aladin/Info.plist;
				INFOPLIST_KEY_NSHumanReadableCopyright = "";
				LD_RUNPATH_SEARCH_PATHS = (
					"$(inherited)",
					"@executable_path/../Frameworks",
				);
				MARKETING_VERSION = 1.0;
				PRODUCT_BUNDLE_IDENTIFIER = com.app.aladin;
				PRODUCT_NAME = "$(TARGET_NAME)";
				SWIFT_EMIT_LOC_STRINGS = YES;
				SWIFT_VERSION = 5.0;
			};
			name = Debug;
		};
		8CB525DB2D5A973B007085DD /* Release */ = {
			isa = XCBuildConfiguration;
			buildSettings = {
				ASSETCATALOG_COMPILER_APPICON_NAME = AppIcon;
				ASSETCATALOG_COMPILER_GLOBAL_ACCENT_COLOR_NAME = AccentColor;
				CODE_SIGN_ENTITLEMENTS = aladin/aladin.entitlements;
				CODE_SIGN_STYLE = Automatic;
				COMBINE_HIDPI_IMAGES = YES;
				CURRENT_PROJECT_VERSION = 1;
				DEVELOPMENT_ASSET_PATHS = "\"aladin/Preview Content\"";
				ENABLE_PREVIEWS = YES;
				GENERATE_INFOPLIST_FILE = YES;
				INFOPLIST_FILE = aladin/Info.plist;
				INFOPLIST_KEY_NSHumanReadableCopyright = "";
				LD_RUNPATH_SEARCH_PATHS = (
					"$(inherited)",
					"@executable_path/../Frameworks",
				);
				MARKETING_VERSION = 1.0;
				PRODUCT_BUNDLE_IDENTIFIER = com.app.aladin;
				PRODUCT_NAME = "$(TARGET_NAME)";
				SWIFT_EMIT_LOC_STRINGS = YES;
				SWIFT_VERSION = 5.0;
			};
			name = Release;
		};
		8CB525DD2D5A973B007085DD /* Debug */ = {
			isa = XCBuildConfiguration;
			buildSettings = {
				ALWAYS_EMBED_SWIFT_STANDARD_LIBRARIES = YES;
				BUNDLE_LOADER = "$(TEST_HOST)";
				CODE_SIGN_STYLE = Automatic;
				CURRENT_PROJECT_VERSION = 1;
				GENERATE_INFOPLIST_FILE = YES;
				MACOSX_DEPLOYMENT_TARGET = 14.5;
				MARKETING_VERSION = 1.0;
				PRODUCT_BUNDLE_IDENTIFIER = com.app.aladinTests;
				PRODUCT_NAME = "$(TARGET_NAME)";
				SWIFT_EMIT_LOC_STRINGS = NO;
				SWIFT_VERSION = 5.0;
				TEST_HOST = "$(BUILT_PRODUCTS_DIR)/aladin.app/$(BUNDLE_EXECUTABLE_FOLDER_PATH)/aladin";
			};
			name = Debug;
		};
		8CB525DE2D5A973B007085DD /* Release */ = {
			isa = XCBuildConfiguration;
			buildSettings = {
				ALWAYS_EMBED_SWIFT_STANDARD_LIBRARIES = YES;
				BUNDLE_LOADER = "$(TEST_HOST)";
				CODE_SIGN_STYLE = Automatic;
				CURRENT_PROJECT_VERSION = 1;
				GENERATE_INFOPLIST_FILE = YES;
				MACOSX_DEPLOYMENT_TARGET = 14.5;
				MARKETING_VERSION = 1.0;
				PRODUCT_BUNDLE_IDENTIFIER = com.app.aladinTests;
				PRODUCT_NAME = "$(TARGET_NAME)";
				SWIFT_EMIT_LOC_STRINGS = NO;
				SWIFT_VERSION = 5.0;
				TEST_HOST = "$(BUILT_PRODUCTS_DIR)/aladin.app/$(BUNDLE_EXECUTABLE_FOLDER_PATH)/aladin";
			};
			name = Release;
		};
		8CB525E02D5A973B007085DD /* Debug */ = {
			isa = XCBuildConfiguration;
			buildSettings = {
				ALWAYS_EMBED_SWIFT_STANDARD_LIBRARIES = YES;
				CODE_SIGN_STYLE = Automatic;
				CURRENT_PROJECT_VERSION = 1;
				GENERATE_INFOPLIST_FILE = YES;
				MARKETING_VERSION = 1.0;
				PRODUCT_BUNDLE_IDENTIFIER = com.app.aladinUITests;
				PRODUCT_NAME = "$(TARGET_NAME)";
				SWIFT_EMIT_LOC_STRINGS = NO;
				SWIFT_VERSION = 5.0;
				TEST_TARGET_NAME = aladin;
			};
			name = Debug;
		};
		8CB525E12D5A973B007085DD /* Release */ = {
			isa = XCBuildConfiguration;
			buildSettings = {
				ALWAYS_EMBED_SWIFT_STANDARD_LIBRARIES = YES;
				CODE_SIGN_STYLE = Automatic;
				CURRENT_PROJECT_VERSION = 1;
				GENERATE_INFOPLIST_FILE = YES;
				MARKETING_VERSION = 1.0;
				PRODUCT_BUNDLE_IDENTIFIER = com.app.aladinUITests;
				PRODUCT_NAME = "$(TARGET_NAME)";
				SWIFT_EMIT_LOC_STRINGS = NO;
				SWIFT_VERSION = 5.0;
				TEST_TARGET_NAME = aladin;
			};
			name = Release;
		};
/* End XCBuildConfiguration section */

/* Begin XCConfigurationList section */
		8CB525AF2D5A9739007085DD /* Build configuration list for PBXProject "aladin" */ = {
			isa = XCConfigurationList;
			buildConfigurations = (
				8CB525D72D5A973B007085DD /* Debug */,
				8CB525D82D5A973B007085DD /* Release */,
			);
			defaultConfigurationIsVisible = 0;
			defaultConfigurationName = Release;
		};
		8CB525D92D5A973B007085DD /* Build configuration list for PBXNativeTarget "aladin" */ = {
			isa = XCConfigurationList;
			buildConfigurations = (
				8CB525DA2D5A973B007085DD /* Debug */,
				8CB525DB2D5A973B007085DD /* Release */,
			);
			defaultConfigurationIsVisible = 0;
			defaultConfigurationName = Release;
		};
		8CB525DC2D5A973B007085DD /* Build configuration list for PBXNativeTarget "aladinTests" */ = {
			isa = XCConfigurationList;
			buildConfigurations = (
				8CB525DD2D5A973B007085DD /* Debug */,
				8CB525DE2D5A973B007085DD /* Release */,
			);
			defaultConfigurationIsVisible = 0;
			defaultConfigurationName = Release;
		};
		8CB525DF2D5A973B007085DD /* Build configuration list for PBXNativeTarget "aladinUITests" */ = {
			isa = XCConfigurationList;
			buildConfigurations = (
				8CB525E02D5A973B007085DD /* Debug */,
				8CB525E12D5A973B007085DD /* Release */,
			);
			defaultConfigurationIsVisible = 0;
			defaultConfigurationName = Release;
		};
/* End XCConfigurationList section */

/* Begin XCRemoteSwiftPackageReference section */
		8C87B8042D8B7F5700582C48 /* XCRemoteSwiftPackageReference "networklayer" */ = {
			isa = XCRemoteSwiftPackageReference;
			repositoryURL = "https://github.com/erickkaiquesilva/networklayer";
			requirement = {
				kind = upToNextMajorVersion;
				minimumVersion = 1.0.1;
			};
		};
/* End XCRemoteSwiftPackageReference section */

/* Begin XCSwiftPackageProductDependency section */
		8C87B8052D8B7F5700582C48 /* NetworkLayer */ = {
			isa = XCSwiftPackageProductDependency;
			package = 8C87B8042D8B7F5700582C48 /* XCRemoteSwiftPackageReference "networklayer" */;
			productName = NetworkLayer;
		};
/* End XCSwiftPackageProductDependency section */
	};
	rootObject = 8CB525AC2D5A9739007085DD /* Project object */;
}
